{
  "version": 4,
  "terraform_version": "1.10.5",
  "serial": 1054,
  "lineage": "4b140b00-e3ef-7cb3-0450-3c02f2e85ccb",
  "outputs": {},
  "resources": [
    {
      "module": "module.main",
      "mode": "managed",
      "type": "aws_api_gateway_deployment",
      "name": "deploy",
      "provider": "provider[\"registry.terraform.io/hashicorp/aws\"]",
      "instances": [
        {
          "schema_version": 0,
          "attributes": {
            "canary_settings": [],
            "created_date": "2025-02-18T20:28:33Z",
            "description": "",
            "execution_arn": "arn:aws:execute-api:us-east-2:302263088688:1y5hp8s635/",
            "id": "e947bu",
            "invoke_url": "https://1y5hp8s635.execute-api.us-east-2.amazonaws.com/",
            "rest_api_id": "1y5hp8s635",
            "stage_description": null,
            "stage_name": null,
            "triggers": null,
            "variables": null
          },
          "sensitive_attributes": [],
          "private": "bnVsbA==",
          "dependencies": [
            "module.main.aws_api_gateway_integration.create_user_lambda",
            "module.main.aws_api_gateway_integration.delete_user_lambda",
            "module.main.aws_api_gateway_integration.get_user_lambda",
            "module.main.aws_api_gateway_integration.list_user_lambda",
            "module.main.aws_api_gateway_integration.update_user_lambda",
            "module.main.aws_api_gateway_method.create_user",
            "module.main.aws_api_gateway_method.delete_user",
            "module.main.aws_api_gateway_method.get_user",
            "module.main.aws_api_gateway_method.list_user",
            "module.main.aws_api_gateway_method.update_user",
            "module.main.aws_api_gateway_resource.create-user",
            "module.main.aws_api_gateway_resource.delete-user",
            "module.main.aws_api_gateway_resource.delete-user-id",
            "module.main.aws_api_gateway_resource.list-user",
            "module.main.aws_api_gateway_resource.update-user",
            "module.main.aws_api_gateway_resource.update-user-id",
            "module.main.aws_api_gateway_resource.user-id",
            "module.main.aws_api_gateway_rest_api.iac_api",
            "module.main.aws_iam_role.CreateUserRole",
            "module.main.aws_iam_role.DatabaseRole",
            "module.main.aws_lambda_function.create_user",
            "module.main.aws_lambda_function.delete_user",
            "module.main.aws_lambda_function.get_user",
            "module.main.aws_lambda_function.list_user",
            "module.main.aws_lambda_function.update_user",
            "module.main.aws_s3_bucket.lambdabucket01",
            "module.main.aws_s3_object.create_lambda_zip",
            "module.main.aws_s3_object.delete_lambda_zip",
            "module.main.aws_s3_object.get_lambda_zip",
            "module.main.aws_s3_object.list_lambda_zip",
            "module.main.aws_s3_object.update_lambda_zip"
          ]
        }
      ]
    },
    {
      "module": "module.main",
      "mode": "managed",
      "type": "aws_api_gateway_integration",
      "name": "create_user_lambda",
      "provider": "provider[\"registry.terraform.io/hashicorp/aws\"]",
      "instances": [
        {
          "schema_version": 0,
          "attributes": {
            "cache_key_parameters": null,
            "cache_namespace": "xvt7t3",
            "connection_id": "",
            "connection_type": "INTERNET",
            "content_handling": "",
            "credentials": "",
            "http_method": "POST",
            "id": "agi-1y5hp8s635-xvt7t3-POST",
            "integration_http_method": "POST",
            "passthrough_behavior": "WHEN_NO_MATCH",
            "request_parameters": null,
            "request_templates": null,
            "resource_id": "xvt7t3",
            "rest_api_id": "1y5hp8s635",
            "timeout_milliseconds": 29000,
            "tls_config": [],
            "type": "AWS_PROXY",
            "uri": "arn:aws:apigateway:us-east-2:lambda:path/2015-03-31/functions/arn:aws:lambda:us-east-2:302263088688:function:create/invocations"
          },
          "sensitive_attributes": [],
          "private": "bnVsbA==",
          "dependencies": [
            "module.main.aws_api_gateway_method.create_user",
            "module.main.aws_api_gateway_resource.create-user",
            "module.main.aws_api_gateway_rest_api.iac_api",
            "module.main.aws_iam_role.CreateUserRole",
            "module.main.aws_lambda_function.create_user",
            "module.main.aws_s3_bucket.lambdabucket01",
            "module.main.aws_s3_object.create_lambda_zip"
          ]
        }
      ]
    },
    {
      "module": "module.main",
      "mode": "managed",
      "type": "aws_api_gateway_integration",
      "name": "delete_user_lambda",
      "provider": "provider[\"registry.terraform.io/hashicorp/aws\"]",
      "instances": [
        {
          "schema_version": 0,
          "attributes": {
            "cache_key_parameters": null,
            "cache_namespace": "94j0s7",
            "connection_id": "",
            "connection_type": "INTERNET",
            "content_handling": "",
            "credentials": "",
            "http_method": "DELETE",
            "id": "agi-1y5hp8s635-94j0s7-DELETE",
            "integration_http_method": "POST",
            "passthrough_behavior": "WHEN_NO_MATCH",
            "request_parameters": null,
            "request_templates": null,
            "resource_id": "94j0s7",
            "rest_api_id": "1y5hp8s635",
            "timeout_milliseconds": 29000,
            "tls_config": [],
            "type": "AWS_PROXY",
            "uri": "arn:aws:apigateway:us-east-2:lambda:path/2015-03-31/functions/arn:aws:lambda:us-east-2:302263088688:function:delete/invocations"
          },
          "sensitive_attributes": [],
          "private": "bnVsbA==",
          "dependencies": [
            "module.main.aws_api_gateway_method.delete_user",
            "module.main.aws_api_gateway_resource.delete-user",
            "module.main.aws_api_gateway_resource.delete-user-id",
            "module.main.aws_api_gateway_rest_api.iac_api",
            "module.main.aws_iam_role.DatabaseRole",
            "module.main.aws_lambda_function.delete_user",
            "module.main.aws_s3_bucket.lambdabucket01",
            "module.main.aws_s3_object.delete_lambda_zip"
          ]
        }
      ]
    },
    {
      "module": "module.main",
      "mode": "managed",
      "type": "aws_api_gateway_integration",
      "name": "get_user_lambda",
      "provider": "provider[\"registry.terraform.io/hashicorp/aws\"]",
      "instances": [
        {
          "schema_version": 0,
          "attributes": {
            "cache_key_parameters": null,
            "cache_namespace": "hwypck",
            "connection_id": "",
            "connection_type": "INTERNET",
            "content_handling": "",
            "credentials": "",
            "http_method": "GET",
            "id": "agi-1y5hp8s635-hwypck-GET",
            "integration_http_method": "POST",
            "passthrough_behavior": "WHEN_NO_MATCH",
            "request_parameters": null,
            "request_templates": null,
            "resource_id": "hwypck",
            "rest_api_id": "1y5hp8s635",
            "timeout_milliseconds": 29000,
            "tls_config": [],
            "type": "AWS_PROXY",
            "uri": "arn:aws:apigateway:us-east-2:lambda:path/2015-03-31/functions/arn:aws:lambda:us-east-2:302263088688:function:user/invocations"
          },
          "sensitive_attributes": [],
          "private": "bnVsbA==",
          "dependencies": [
            "module.main.aws_api_gateway_method.get_user",
            "module.main.aws_api_gateway_resource.list-user",
            "module.main.aws_api_gateway_resource.user-id",
            "module.main.aws_api_gateway_rest_api.iac_api",
            "module.main.aws_iam_role.DatabaseRole",
            "module.main.aws_lambda_function.get_user",
            "module.main.aws_s3_bucket.lambdabucket01",
            "module.main.aws_s3_object.get_lambda_zip"
          ]
        }
      ]
    },
    {
      "module": "module.main",
      "mode": "managed",
      "type": "aws_api_gateway_integration",
      "name": "list_user_lambda",
      "provider": "provider[\"registry.terraform.io/hashicorp/aws\"]",
      "instances": [
        {
          "schema_version": 0,
          "attributes": {
            "cache_key_parameters": null,
            "cache_namespace": "z4kitn",
            "connection_id": "",
            "connection_type": "INTERNET",
            "content_handling": "",
            "credentials": "",
            "http_method": "GET",
            "id": "agi-1y5hp8s635-z4kitn-GET",
            "integration_http_method": "POST",
            "passthrough_behavior": "WHEN_NO_MATCH",
            "request_parameters": null,
            "request_templates": null,
            "resource_id": "z4kitn",
            "rest_api_id": "1y5hp8s635",
            "timeout_milliseconds": 29000,
            "tls_config": [],
            "type": "AWS_PROXY",
            "uri": "arn:aws:apigateway:us-east-2:lambda:path/2015-03-31/functions/arn:aws:lambda:us-east-2:302263088688:function:users/invocations"
          },
          "sensitive_attributes": [],
          "private": "bnVsbA==",
          "dependencies": [
            "module.main.aws_api_gateway_method.list_user",
            "module.main.aws_api_gateway_resource.list-user",
            "module.main.aws_api_gateway_rest_api.iac_api",
            "module.main.aws_iam_role.DatabaseRole",
            "module.main.aws_lambda_function.list_user",
            "module.main.aws_s3_bucket.lambdabucket01",
            "module.main.aws_s3_object.list_lambda_zip"
          ]
        }
      ]
    },
    {
      "module": "module.main",
      "mode": "managed",
      "type": "aws_api_gateway_integration",
      "name": "update_user_lambda",
      "provider": "provider[\"registry.terraform.io/hashicorp/aws\"]",
      "instances": [
        {
          "schema_version": 0,
          "attributes": {
            "cache_key_parameters": null,
            "cache_namespace": "atz55k",
            "connection_id": "",
            "connection_type": "INTERNET",
            "content_handling": "",
            "credentials": "",
            "http_method": "PUT",
            "id": "agi-1y5hp8s635-atz55k-PUT",
            "integration_http_method": "POST",
            "passthrough_behavior": "WHEN_NO_MATCH",
            "request_parameters": null,
            "request_templates": null,
            "resource_id": "atz55k",
            "rest_api_id": "1y5hp8s635",
            "timeout_milliseconds": 29000,
            "tls_config": [],
            "type": "AWS_PROXY",
            "uri": "arn:aws:apigateway:us-east-2:lambda:path/2015-03-31/functions/arn:aws:lambda:us-east-2:302263088688:function:update/invocations"
          },
          "sensitive_attributes": [],
          "private": "bnVsbA==",
          "dependencies": [
            "module.main.aws_api_gateway_method.update_user",
            "module.main.aws_api_gateway_resource.update-user",
            "module.main.aws_api_gateway_resource.update-user-id",
            "module.main.aws_api_gateway_rest_api.iac_api",
            "module.main.aws_iam_role.DatabaseRole",
            "module.main.aws_lambda_function.update_user",
            "module.main.aws_s3_bucket.lambdabucket01",
            "module.main.aws_s3_object.update_lambda_zip"
          ]
        }
      ]
    },
    {
      "module": "module.main",
      "mode": "managed",
      "type": "aws_api_gateway_method",
      "name": "create_user",
      "provider": "provider[\"registry.terraform.io/hashicorp/aws\"]",
      "instances": [
        {
          "schema_version": 0,
          "attributes": {
            "api_key_required": false,
            "authorization": "NONE",
            "authorization_scopes": null,
            "authorizer_id": null,
            "http_method": "POST",
            "id": "agm-1y5hp8s635-xvt7t3-POST",
            "operation_name": null,
            "request_models": null,
            "request_parameters": null,
            "request_validator_id": null,
            "resource_id": "xvt7t3",
            "rest_api_id": "1y5hp8s635"
          },
          "sensitive_attributes": [],
          "private": "bnVsbA==",
          "dependencies": [
            "module.main.aws_api_gateway_resource.create-user",
            "module.main.aws_api_gateway_rest_api.iac_api"
          ]
        }
      ]
    },
    {
      "module": "module.main",
      "mode": "managed",
      "type": "aws_api_gateway_method",
      "name": "delete_user",
      "provider": "provider[\"registry.terraform.io/hashicorp/aws\"]",
      "instances": [
        {
          "schema_version": 0,
          "attributes": {
            "api_key_required": false,
            "authorization": "NONE",
            "authorization_scopes": null,
            "authorizer_id": null,
            "http_method": "DELETE",
            "id": "agm-1y5hp8s635-94j0s7-DELETE",
            "operation_name": null,
            "request_models": null,
            "request_parameters": null,
            "request_validator_id": null,
            "resource_id": "94j0s7",
            "rest_api_id": "1y5hp8s635"
          },
          "sensitive_attributes": [],
          "private": "bnVsbA==",
          "dependencies": [
            "module.main.aws_api_gateway_resource.delete-user",
            "module.main.aws_api_gateway_resource.delete-user-id",
            "module.main.aws_api_gateway_rest_api.iac_api"
          ]
        }
      ]
    },
    {
      "module": "module.main",
      "mode": "managed",
      "type": "aws_api_gateway_method",
      "name": "get_user",
      "provider": "provider[\"registry.terraform.io/hashicorp/aws\"]",
      "instances": [
        {
          "schema_version": 0,
          "attributes": {
            "api_key_required": false,
            "authorization": "NONE",
            "authorization_scopes": null,
            "authorizer_id": null,
            "http_method": "GET",
            "id": "agm-1y5hp8s635-hwypck-GET",
            "operation_name": null,
            "request_models": null,
            "request_parameters": null,
            "request_validator_id": null,
            "resource_id": "hwypck",
            "rest_api_id": "1y5hp8s635"
          },
          "sensitive_attributes": [],
          "private": "bnVsbA==",
          "dependencies": [
            "module.main.aws_api_gateway_resource.list-user",
            "module.main.aws_api_gateway_resource.user-id",
            "module.main.aws_api_gateway_rest_api.iac_api"
          ]
        }
      ]
    },
    {
      "module": "module.main",
      "mode": "managed",
      "type": "aws_api_gateway_method",
      "name": "list_user",
      "provider": "provider[\"registry.terraform.io/hashicorp/aws\"]",
      "instances": [
        {
          "schema_version": 0,
          "attributes": {
            "api_key_required": false,
            "authorization": "NONE",
            "authorization_scopes": null,
            "authorizer_id": null,
            "http_method": "GET",
            "id": "agm-1y5hp8s635-z4kitn-GET",
            "operation_name": null,
            "request_models": null,
            "request_parameters": null,
            "request_validator_id": null,
            "resource_id": "z4kitn",
            "rest_api_id": "1y5hp8s635"
          },
          "sensitive_attributes": [],
          "private": "bnVsbA==",
          "dependencies": [
            "module.main.aws_api_gateway_resource.list-user",
            "module.main.aws_api_gateway_rest_api.iac_api"
          ]
        }
      ]
    },
    {
      "module": "module.main",
      "mode": "managed",
      "type": "aws_api_gateway_method",
      "name": "update_user",
      "provider": "provider[\"registry.terraform.io/hashicorp/aws\"]",
      "instances": [
        {
          "schema_version": 0,
          "attributes": {
            "api_key_required": false,
            "authorization": "NONE",
            "authorization_scopes": null,
            "authorizer_id": null,
            "http_method": "PUT",
            "id": "agm-1y5hp8s635-atz55k-PUT",
            "operation_name": null,
            "request_models": null,
            "request_parameters": null,
            "request_validator_id": null,
            "resource_id": "atz55k",
            "rest_api_id": "1y5hp8s635"
          },
          "sensitive_attributes": [],
          "private": "bnVsbA==",
          "dependencies": [
            "module.main.aws_api_gateway_resource.update-user",
            "module.main.aws_api_gateway_resource.update-user-id",
            "module.main.aws_api_gateway_rest_api.iac_api"
          ]
        }
      ]
    },
    {
      "module": "module.main",
      "mode": "managed",
      "type": "aws_api_gateway_resource",
      "name": "create-user",
      "provider": "provider[\"registry.terraform.io/hashicorp/aws\"]",
      "instances": [
        {
          "schema_version": 0,
          "attributes": {
            "id": "xvt7t3",
            "parent_id": "o4vmdtoaac",
            "path": "/create-user",
            "path_part": "create-user",
            "rest_api_id": "1y5hp8s635"
          },
          "sensitive_attributes": [],
          "private": "bnVsbA==",
          "dependencies": [
            "module.main.aws_api_gateway_rest_api.iac_api"
          ]
        }
      ]
    },
    {
      "module": "module.main",
      "mode": "managed",
      "type": "aws_api_gateway_resource",
      "name": "delete-user",
      "provider": "provider[\"registry.terraform.io/hashicorp/aws\"]",
      "instances": [
        {
          "schema_version": 0,
          "attributes": {
            "id": "gu0arx",
            "parent_id": "o4vmdtoaac",
            "path": "/delete-user",
            "path_part": "delete-user",
            "rest_api_id": "1y5hp8s635"
          },
          "sensitive_attributes": [],
          "private": "bnVsbA==",
          "dependencies": [
            "module.main.aws_api_gateway_rest_api.iac_api"
          ]
        }
      ]
    },
    {
      "module": "module.main",
      "mode": "managed",
      "type": "aws_api_gateway_resource",
      "name": "delete-user-id",
      "provider": "provider[\"registry.terraform.io/hashicorp/aws\"]",
      "instances": [
        {
          "schema_version": 0,
          "attributes": {
            "id": "94j0s7",
            "parent_id": "gu0arx",
            "path": "/delete-user/{id}",
            "path_part": "{id}",
            "rest_api_id": "1y5hp8s635"
          },
          "sensitive_attributes": [],
          "private": "bnVsbA==",
          "dependencies": [
            "module.main.aws_api_gateway_resource.delete-user",
            "module.main.aws_api_gateway_rest_api.iac_api"
          ]
        }
      ]
    },
    {
      "module": "module.main",
      "mode": "managed",
      "type": "aws_api_gateway_resource",
      "name": "list-user",
      "provider": "provider[\"registry.terraform.io/hashicorp/aws\"]",
      "instances": [
        {
          "schema_version": 0,
          "attributes": {
            "id": "z4kitn",
            "parent_id": "o4vmdtoaac",
            "path": "/users",
            "path_part": "users",
            "rest_api_id": "1y5hp8s635"
          },
          "sensitive_attributes": [],
          "private": "bnVsbA==",
          "dependencies": [
            "module.main.aws_api_gateway_rest_api.iac_api"
          ]
        }
      ]
    },
    {
      "module": "module.main",
      "mode": "managed",
      "type": "aws_api_gateway_resource",
      "name": "update-user",
      "provider": "provider[\"registry.terraform.io/hashicorp/aws\"]",
      "instances": [
        {
          "schema_version": 0,
          "attributes": {
            "id": "o7dsut",
            "parent_id": "o4vmdtoaac",
            "path": "/update-user",
            "path_part": "update-user",
            "rest_api_id": "1y5hp8s635"
          },
          "sensitive_attributes": [],
          "private": "bnVsbA==",
          "dependencies": [
            "module.main.aws_api_gateway_rest_api.iac_api"
          ]
        }
      ]
    },
    {
      "module": "module.main",
      "mode": "managed",
      "type": "aws_api_gateway_resource",
      "name": "update-user-id",
      "provider": "provider[\"registry.terraform.io/hashicorp/aws\"]",
      "instances": [
        {
          "schema_version": 0,
          "attributes": {
            "id": "atz55k",
            "parent_id": "o7dsut",
            "path": "/update-user/{id}",
            "path_part": "{id}",
            "rest_api_id": "1y5hp8s635"
          },
          "sensitive_attributes": [],
          "private": "bnVsbA==",
          "dependencies": [
            "module.main.aws_api_gateway_resource.update-user",
            "module.main.aws_api_gateway_rest_api.iac_api"
          ]
        }
      ]
    },
    {
      "module": "module.main",
      "mode": "managed",
      "type": "aws_api_gateway_resource",
      "name": "user-id",
      "provider": "provider[\"registry.terraform.io/hashicorp/aws\"]",
      "instances": [
        {
          "schema_version": 0,
          "attributes": {
            "id": "hwypck",
            "parent_id": "z4kitn",
            "path": "/users/{id}",
            "path_part": "{id}",
            "rest_api_id": "1y5hp8s635"
          },
          "sensitive_attributes": [],
          "private": "bnVsbA==",
          "dependencies": [
            "module.main.aws_api_gateway_resource.list-user",
            "module.main.aws_api_gateway_rest_api.iac_api"
          ]
        }
      ]
    },
    {
      "module": "module.main",
      "mode": "managed",
      "type": "aws_api_gateway_rest_api",
      "name": "iac_api",
      "provider": "provider[\"registry.terraform.io/hashicorp/aws\"]",
      "instances": [
        {
          "schema_version": 0,
          "attributes": {
            "api_key_source": "HEADER",
            "arn": "arn:aws:apigateway:us-east-2::/restapis/1y5hp8s635",
            "binary_media_types": [],
            "body": null,
            "created_date": "2025-02-18T20:28:11Z",
            "description": "Rest Api Gateway for access to lambdas",
            "disable_execute_api_endpoint": false,
            "endpoint_configuration": [
              {
                "types": [
                  "EDGE"
                ],
                "vpc_endpoint_ids": []
              }
            ],
            "execution_arn": "arn:aws:execute-api:us-east-2:302263088688:1y5hp8s635",
            "fail_on_warnings": null,
            "id": "1y5hp8s635",
            "minimum_compression_size": "",
            "name": "iac_api",
            "parameters": null,
            "policy": "",
            "put_rest_api_mode": null,
            "root_resource_id": "o4vmdtoaac",
            "tags": null,
            "tags_all": {}
          },
          "sensitive_attributes": [],
          "private": "bnVsbA=="
        }
      ]
    },
    {
      "module": "module.main",
      "mode": "managed",
      "type": "aws_api_gateway_stage",
      "name": "deployment",
      "provider": "provider[\"registry.terraform.io/hashicorp/aws\"]",
      "instances": [
        {
          "schema_version": 0,
          "attributes": {
            "access_log_settings": [],
            "arn": "arn:aws:apigateway:us-east-2::/restapis/1y5hp8s635/stages/dev",
            "cache_cluster_enabled": false,
            "cache_cluster_size": "",
            "canary_settings": [],
            "client_certificate_id": "",
            "deployment_id": "e947bu",
            "description": "",
            "documentation_version": "",
            "execution_arn": "arn:aws:execute-api:us-east-2:302263088688:1y5hp8s635/dev",
            "id": "ags-1y5hp8s635-dev",
            "invoke_url": "https://1y5hp8s635.execute-api.us-east-2.amazonaws.com/dev",
            "rest_api_id": "1y5hp8s635",
            "stage_name": "dev",
            "tags": null,
            "tags_all": {},
            "variables": null,
            "web_acl_arn": "",
            "xray_tracing_enabled": false
          },
          "sensitive_attributes": [],
          "private": "bnVsbA==",
          "dependencies": [
            "module.main.aws_api_gateway_deployment.deploy",
            "module.main.aws_api_gateway_integration.create_user_lambda",
            "module.main.aws_api_gateway_integration.delete_user_lambda",
            "module.main.aws_api_gateway_integration.get_user_lambda",
            "module.main.aws_api_gateway_integration.list_user_lambda",
            "module.main.aws_api_gateway_integration.update_user_lambda",
            "module.main.aws_api_gateway_method.create_user",
            "module.main.aws_api_gateway_method.delete_user",
            "module.main.aws_api_gateway_method.get_user",
            "module.main.aws_api_gateway_method.list_user",
            "module.main.aws_api_gateway_method.update_user",
            "module.main.aws_api_gateway_resource.create-user",
            "module.main.aws_api_gateway_resource.delete-user",
            "module.main.aws_api_gateway_resource.delete-user-id",
            "module.main.aws_api_gateway_resource.list-user",
            "module.main.aws_api_gateway_resource.update-user",
            "module.main.aws_api_gateway_resource.update-user-id",
            "module.main.aws_api_gateway_resource.user-id",
            "module.main.aws_api_gateway_rest_api.iac_api",
            "module.main.aws_iam_role.CreateUserRole",
            "module.main.aws_iam_role.DatabaseRole",
            "module.main.aws_lambda_function.create_user",
            "module.main.aws_lambda_function.delete_user",
            "module.main.aws_lambda_function.get_user",
            "module.main.aws_lambda_function.list_user",
            "module.main.aws_lambda_function.update_user",
            "module.main.aws_s3_bucket.lambdabucket01",
            "module.main.aws_s3_object.create_lambda_zip",
            "module.main.aws_s3_object.delete_lambda_zip",
            "module.main.aws_s3_object.get_lambda_zip",
            "module.main.aws_s3_object.list_lambda_zip",
            "module.main.aws_s3_object.update_lambda_zip"
          ]
        }
      ]
    },
    {
      "module": "module.main",
      "mode": "managed",
      "type": "aws_dynamodb_table",
      "name": "UsersTable",
      "provider": "provider[\"registry.terraform.io/hashicorp/aws\"]",
      "instances": [
        {
          "schema_version": 1,
          "attributes": {
            "arn": "arn:aws:dynamodb:us-east-2:302263088688:table/UsersTable",
            "attribute": [
              {
                "name": "id",
                "type": "S"
              }
            ],
            "billing_mode": "PAY_PER_REQUEST",
            "deletion_protection_enabled": false,
            "global_secondary_index": [],
            "hash_key": "id",
            "id": "UsersTable",
            "import_table": [],
            "local_secondary_index": [],
            "name": "UsersTable",
            "on_demand_throughput": [],
            "point_in_time_recovery": [
              {
                "enabled": false
              }
            ],
            "range_key": null,
            "read_capacity": 0,
            "replica": [],
            "restore_date_time": null,
            "restore_source_name": null,
            "restore_source_table_arn": null,
            "restore_to_latest_time": null,
            "server_side_encryption": [],
            "stream_arn": "",
            "stream_enabled": false,
            "stream_label": "",
            "stream_view_type": "",
            "table_class": "STANDARD",
            "tags": {
              "Environment": "Dev",
              "Name": "Users Terraform"
            },
            "tags_all": {
              "Environment": "Dev",
              "Name": "Users Terraform"
            },
            "timeouts": null,
            "ttl": [
              {
                "attribute_name": "",
                "enabled": false
              }
            ],
            "write_capacity": 0
          },
          "sensitive_attributes": [],
          "private": "eyJlMmJmYjczMC1lY2FhLTExZTYtOGY4OC0zNDM2M2JjN2M0YzAiOnsiY3JlYXRlIjoxODAwMDAwMDAwMDAwLCJkZWxldGUiOjYwMDAwMDAwMDAwMCwidXBkYXRlIjozNjAwMDAwMDAwMDAwfSwic2NoZW1hX3ZlcnNpb24iOiIxIn0="
        }
      ]
    },
    {
      "module": "module.main",
      "mode": "managed",
      "type": "aws_iam_policy",
      "name": "DBRolePolicy",
      "provider": "provider[\"registry.terraform.io/hashicorp/aws\"]",
      "instances": [
        {
          "schema_version": 0,
          "attributes": {
            "arn": "arn:aws:iam::302263088688:policy/DBRolePolicy",
            "attachment_count": 0,
            "description": "",
            "id": "arn:aws:iam::302263088688:policy/DBRolePolicy",
            "name": "DBRolePolicy",
            "name_prefix": "",
            "path": "/",
            "policy": "{\"Statement\":[{\"Action\":[\"dynamodb:PutItem\",\"dynamodb:GetItem\",\"dynamodb:DeleteItem\",\"dynamodb:UpdateItem\",\"dynamodb:Scan\",\"dynamodb:Query\"],\"Effect\":\"Allow\",\"Resource\":\"arn:aws:dynamodb:us-east-2:302263088688:table/UsersTable\"}],\"Version\":\"2012-10-17\"}",
            "policy_id": "ANPAUMYCIWYYNFFWAB4IV",
            "tags": null,
            "tags_all": {}
          },
          "sensitive_attributes": [],
          "private": "bnVsbA=="
        }
      ]
    },
    {
      "module": "module.main",
      "mode": "managed",
      "type": "aws_iam_policy",
      "name": "LogLambdaPolicy",
      "provider": "provider[\"registry.terraform.io/hashicorp/aws\"]",
      "instances": [
        {
          "schema_version": 0,
          "attributes": {
            "arn": "arn:aws:iam::302263088688:policy/LogLambdaPolicy",
            "attachment_count": 0,
            "description": "",
            "id": "arn:aws:iam::302263088688:policy/LogLambdaPolicy",
            "name": "LogLambdaPolicy",
            "name_prefix": "",
            "path": "/",
            "policy": "{\"Statement\":[{\"Action\":[\"logs:CreateLogGroup\",\"logs:CreateLogStream\",\"logs:PutLogEvents\"],\"Effect\":\"Allow\",\"Resource\":[\"arn:aws:logs:us-east-2:302263088688:log-group:/aws/lambda/*:*:*\"]}],\"Version\":\"2012-10-17\"}",
            "policy_id": "ANPAUMYCIWYYGR33HPOXX",
            "tags": null,
            "tags_all": {}
          },
          "sensitive_attributes": [],
          "private": "bnVsbA=="
        }
      ]
    },
    {
      "module": "module.main",
      "mode": "managed",
      "type": "aws_iam_policy",
      "name": "SNSRolePolicy",
      "provider": "provider[\"registry.terraform.io/hashicorp/aws\"]",
      "instances": [
        {
          "schema_version": 0,
          "attributes": {
            "arn": "arn:aws:iam::302263088688:policy/SNSRolePolicy",
            "attachment_count": 0,
            "description": "",
            "id": "arn:aws:iam::302263088688:policy/SNSRolePolicy",
            "name": "SNSRolePolicy",
            "name_prefix": "",
            "path": "/",
            "policy": "{\"Statement\":[{\"Action\":[\"sns:Publish\",\"sns:Subscribe\"],\"Effect\":\"Allow\",\"Resource\":\"arn:aws:sns:us-east-2:302263088688:UserSavedTopic\"}],\"Version\":\"2012-10-17\"}",
            "policy_id": "ANPAUMYCIWYYCKHRM5C32",
            "tags": null,
            "tags_all": {}
          },
          "sensitive_attributes": [],
          "private": "bnVsbA=="
        }
      ]
    },
    {
      "module": "module.main",
      "mode": "managed",
      "type": "aws_iam_policy",
      "name": "SQSRolePolicy",
      "provider": "provider[\"registry.terraform.io/hashicorp/aws\"]",
      "instances": [
        {
          "schema_version": 0,
          "attributes": {
            "arn": "arn:aws:iam::302263088688:policy/SQSRolePolicy",
            "attachment_count": 0,
            "description": "",
            "id": "arn:aws:iam::302263088688:policy/SQSRolePolicy",
            "name": "SQSRolePolicy",
            "name_prefix": "",
            "path": "/",
            "policy": "{\"Statement\":[{\"Action\":[\"sqs:SendMessage\",\"sqs:ReceiveMessage\",\"sqs:GetQueueAttributes\",\"sqs:DeleteMessage\"],\"Effect\":\"Allow\",\"Resource\":\"arn:aws:sqs:us-east-2:302263088688:UsersQueue\"}],\"Version\":\"2012-10-17\"}",
            "policy_id": "ANPAUMYCIWYYIDNQPLLWS",
            "tags": null,
            "tags_all": {}
          },
          "sensitive_attributes": [],
          "private": "bnVsbA=="
        }
      ]
    },
    {
      "module": "module.main",
      "mode": "managed",
      "type": "aws_iam_role",
      "name": "CreateUserRole",
      "provider": "provider[\"registry.terraform.io/hashicorp/aws\"]",
      "instances": [
        {
          "schema_version": 0,
          "attributes": {
            "arn": "arn:aws:iam::302263088688:role/CreateUserRole",
            "assume_role_policy": "{\"Statement\":[{\"Action\":\"sts:AssumeRole\",\"Effect\":\"Allow\",\"Principal\":{\"Service\":\"lambda.amazonaws.com\"}}],\"Version\":\"2012-10-17\"}",
            "create_date": "2025-02-18T20:28:11Z",
            "description": "",
            "force_detach_policies": false,
            "id": "CreateUserRole",
            "inline_policy": [],
            "managed_policy_arns": [],
            "max_session_duration": 3600,
            "name": "CreateUserRole",
            "name_prefix": "",
            "path": "/",
            "permissions_boundary": "",
            "tags": null,
            "tags_all": {},
            "unique_id": "AROAUMYCIWYYMF5E2BLMW"
          },
          "sensitive_attributes": [],
          "private": "bnVsbA=="
        }
      ]
    },
    {
      "module": "module.main",
      "mode": "managed",
      "type": "aws_iam_role",
      "name": "DatabaseRole",
      "provider": "provider[\"registry.terraform.io/hashicorp/aws\"]",
      "instances": [
        {
          "schema_version": 0,
          "attributes": {
            "arn": "arn:aws:iam::302263088688:role/DatabaseRole",
            "assume_role_policy": "{\"Statement\":[{\"Action\":\"sts:AssumeRole\",\"Effect\":\"Allow\",\"Principal\":{\"Service\":\"lambda.amazonaws.com\"}}],\"Version\":\"2012-10-17\"}",
            "create_date": "2025-02-18T20:28:11Z",
            "description": "",
            "force_detach_policies": false,
            "id": "DatabaseRole",
            "inline_policy": [],
            "managed_policy_arns": [],
            "max_session_duration": 3600,
            "name": "DatabaseRole",
            "name_prefix": "",
            "path": "/",
            "permissions_boundary": "",
            "tags": null,
            "tags_all": {},
            "unique_id": "AROAUMYCIWYYNCM2E3VVR"
          },
          "sensitive_attributes": [],
          "private": "bnVsbA=="
        }
      ]
    },
    {
      "module": "module.main",
      "mode": "managed",
      "type": "aws_iam_role",
      "name": "SNSRole",
      "provider": "provider[\"registry.terraform.io/hashicorp/aws\"]",
      "instances": [
        {
          "schema_version": 0,
          "attributes": {
            "arn": "arn:aws:iam::302263088688:role/SNSRole",
            "assume_role_policy": "{\"Statement\":[{\"Action\":\"sts:AssumeRole\",\"Effect\":\"Allow\",\"Principal\":{\"Service\":\"lambda.amazonaws.com\"}}],\"Version\":\"2012-10-17\"}",
            "create_date": "2025-02-18T20:28:11Z",
            "description": "",
            "force_detach_policies": false,
            "id": "SNSRole",
            "inline_policy": [],
            "managed_policy_arns": [],
            "max_session_duration": 3600,
            "name": "SNSRole",
            "name_prefix": "",
            "path": "/",
            "permissions_boundary": "",
            "tags": null,
            "tags_all": {},
            "unique_id": "AROAUMYCIWYYGQAQ2PURP"
          },
          "sensitive_attributes": [],
          "private": "bnVsbA=="
        }
      ]
    },
    {
      "module": "module.main",
      "mode": "managed",
      "type": "aws_iam_role_policy_attachment",
      "name": "userCreateAttachment",
      "provider": "provider[\"registry.terraform.io/hashicorp/aws\"]",
      "instances": [
        {
          "index_key": "dbPolicy",
          "schema_version": 0,
          "attributes": {
            "id": "CreateUserRole-20250218202812434100000005",
            "policy_arn": "arn:aws:iam::302263088688:policy/DBRolePolicy",
            "role": "CreateUserRole"
          },
          "sensitive_attributes": [],
          "private": "bnVsbA==",
          "dependencies": [
            "module.main.aws_iam_policy.DBRolePolicy",
            "module.main.aws_iam_policy.LogLambdaPolicy",
            "module.main.aws_iam_policy.SQSRolePolicy",
            "module.main.aws_iam_role.CreateUserRole"
          ]
        },
        {
          "index_key": "logPolicy",
          "schema_version": 0,
          "attributes": {
            "id": "CreateUserRole-20250218202812317200000003",
            "policy_arn": "arn:aws:iam::302263088688:policy/LogLambdaPolicy",
            "role": "CreateUserRole"
          },
          "sensitive_attributes": [],
          "private": "bnVsbA==",
          "dependencies": [
            "module.main.aws_iam_policy.DBRolePolicy",
            "module.main.aws_iam_policy.LogLambdaPolicy",
            "module.main.aws_iam_policy.SQSRolePolicy",
            "module.main.aws_iam_role.CreateUserRole"
          ]
        },
        {
          "index_key": "sqsPolicy",
          "schema_version": 0,
          "attributes": {
            "id": "CreateUserRole-20250218202812394300000004",
            "policy_arn": "arn:aws:iam::302263088688:policy/SQSRolePolicy",
            "role": "CreateUserRole"
          },
          "sensitive_attributes": [],
          "private": "bnVsbA==",
          "dependencies": [
            "module.main.aws_iam_policy.DBRolePolicy",
            "module.main.aws_iam_policy.LogLambdaPolicy",
            "module.main.aws_iam_policy.SQSRolePolicy",
            "module.main.aws_iam_role.CreateUserRole"
          ]
        }
      ]
    },
    {
      "module": "module.main",
      "mode": "managed",
      "type": "aws_iam_role_policy_attachment",
      "name": "userDatabaseAttachment",
      "provider": "provider[\"registry.terraform.io/hashicorp/aws\"]",
      "instances": [
        {
          "index_key": "dbPolicy",
          "schema_version": 0,
          "attributes": {
            "id": "DatabaseRole-20250218202812091900000002",
            "policy_arn": "arn:aws:iam::302263088688:policy/DBRolePolicy",
            "role": "DatabaseRole"
          },
          "sensitive_attributes": [],
          "private": "bnVsbA==",
          "dependencies": [
            "module.main.aws_iam_policy.DBRolePolicy",
            "module.main.aws_iam_policy.LogLambdaPolicy",
            "module.main.aws_iam_role.DatabaseRole"
          ]
        },
        {
          "index_key": "logPolicy",
          "schema_version": 0,
          "attributes": {
            "id": "DatabaseRole-20250218202811935100000001",
            "policy_arn": "arn:aws:iam::302263088688:policy/LogLambdaPolicy",
            "role": "DatabaseRole"
          },
          "sensitive_attributes": [],
          "private": "bnVsbA==",
          "dependencies": [
            "module.main.aws_iam_policy.DBRolePolicy",
            "module.main.aws_iam_policy.LogLambdaPolicy",
            "module.main.aws_iam_role.DatabaseRole"
          ]
        }
      ]
    },
    {
      "module": "module.main",
      "mode": "managed",
      "type": "aws_iam_role_policy_attachment",
      "name": "userMailAttachment",
      "provider": "provider[\"registry.terraform.io/hashicorp/aws\"]",
      "instances": [
        {
          "index_key": "logPolicy",
          "schema_version": 0,
          "attributes": {
            "id": "SNSRole-20250218202812497400000006",
            "policy_arn": "arn:aws:iam::302263088688:policy/LogLambdaPolicy",
            "role": "SNSRole"
          },
          "sensitive_attributes": [],
          "private": "bnVsbA==",
          "dependencies": [
            "module.main.aws_iam_policy.LogLambdaPolicy",
            "module.main.aws_iam_policy.SNSRolePolicy",
            "module.main.aws_iam_policy.SQSRolePolicy",
            "module.main.aws_iam_role.SNSRole"
          ]
        },
        {
          "index_key": "snsPolicy",
          "schema_version": 0,
          "attributes": {
            "id": "SNSRole-20250218202812507100000008",
            "policy_arn": "arn:aws:iam::302263088688:policy/SNSRolePolicy",
            "role": "SNSRole"
          },
          "sensitive_attributes": [],
          "private": "bnVsbA==",
          "dependencies": [
            "module.main.aws_iam_policy.LogLambdaPolicy",
            "module.main.aws_iam_policy.SNSRolePolicy",
            "module.main.aws_iam_policy.SQSRolePolicy",
            "module.main.aws_iam_role.SNSRole"
          ]
        },
        {
          "index_key": "sqsPolicy",
          "schema_version": 0,
          "attributes": {
            "id": "SNSRole-20250218202812502200000007",
            "policy_arn": "arn:aws:iam::302263088688:policy/SQSRolePolicy",
            "role": "SNSRole"
          },
          "sensitive_attributes": [],
          "private": "bnVsbA==",
          "dependencies": [
            "module.main.aws_iam_policy.LogLambdaPolicy",
            "module.main.aws_iam_policy.SNSRolePolicy",
            "module.main.aws_iam_policy.SQSRolePolicy",
            "module.main.aws_iam_role.SNSRole"
          ]
        }
      ]
    },
    {
      "module": "module.main",
      "mode": "managed",
      "type": "aws_lambda_event_source_mapping",
      "name": "sqs_trigger",
      "provider": "provider[\"registry.terraform.io/hashicorp/aws\"]",
      "instances": [
        {
          "schema_version": 0,
          "attributes": {
            "amazon_managed_kafka_event_source_config": [],
            "arn": "arn:aws:lambda:us-east-2:302263088688:event-source-mapping:4a8ab5dc-6ac4-4888-9758-ffc30175de00",
            "batch_size": 1,
            "bisect_batch_on_function_error": false,
            "destination_config": [],
            "document_db_event_source_config": [],
            "enabled": true,
            "event_source_arn": "arn:aws:sqs:us-east-2:302263088688:UsersQueue",
            "filter_criteria": [],
            "function_arn": "arn:aws:lambda:us-east-2:302263088688:function:email",
            "function_name": "arn:aws:lambda:us-east-2:302263088688:function:email",
            "function_response_types": null,
            "id": "4a8ab5dc-6ac4-4888-9758-ffc30175de00",
            "kms_key_arn": "",
            "last_modified": "2025-02-18T20:29:24Z",
            "last_processing_result": "",
            "maximum_batching_window_in_seconds": 0,
            "maximum_record_age_in_seconds": 0,
            "maximum_retry_attempts": 0,
            "metrics_config": [],
            "parallelization_factor": 0,
            "provisioned_poller_config": [],
            "queues": null,
            "scaling_config": [],
            "self_managed_event_source": [],
            "self_managed_kafka_event_source_config": [],
            "source_access_configuration": [],
            "starting_position": "",
            "starting_position_timestamp": "",
            "state": "Enabled",
            "state_transition_reason": "USER_INITIATED",
            "tags": null,
            "tags_all": {},
            "topics": null,
            "tumbling_window_in_seconds": 0,
            "uuid": "4a8ab5dc-6ac4-4888-9758-ffc30175de00"
          },
          "sensitive_attributes": [],
          "private": "bnVsbA==",
          "dependencies": [
            "module.main.aws_iam_role.SNSRole",
            "module.main.aws_lambda_function.send_email",
            "module.main.aws_s3_bucket.lambdabucket01",
            "module.main.aws_s3_object.mail_lambda_zip",
            "module.main.aws_sqs_queue.UsersQueue"
          ]
        }
      ]
    },
    {
      "module": "module.main",
      "mode": "managed",
      "type": "aws_lambda_function",
      "name": "create_user",
      "provider": "provider[\"registry.terraform.io/hashicorp/aws\"]",
      "instances": [
        {
          "schema_version": 0,
          "attributes": {
            "architectures": [
              "x86_64"
            ],
            "arn": "arn:aws:lambda:us-east-2:302263088688:function:create",
            "code_sha256": "xdPCv3bI/BkRscB9USENAzSXSqS9rup3mJtSpoDq7Ik=",
            "code_signing_config_arn": "",
            "dead_letter_config": [],
            "description": "",
            "environment": [],
            "ephemeral_storage": [
              {
                "size": 512
              }
            ],
            "file_system_config": [],
            "filename": null,
            "function_name": "create",
            "handler": "create/create.createUser",
            "id": "create",
            "image_config": [],
            "image_uri": "",
            "invoke_arn": "arn:aws:apigateway:us-east-2:lambda:path/2015-03-31/functions/arn:aws:lambda:us-east-2:302263088688:function:create/invocations",
            "kms_key_arn": "",
            "last_modified": "2025-02-18T20:28:19.220+0000",
            "layers": null,
            "logging_config": [
              {
                "application_log_level": "",
                "log_format": "Text",
                "log_group": "/aws/lambda/create",
                "system_log_level": ""
              }
            ],
            "memory_size": 128,
            "package_type": "Zip",
            "publish": false,
            "qualified_arn": "arn:aws:lambda:us-east-2:302263088688:function:create:$LATEST",
            "qualified_invoke_arn": "arn:aws:apigateway:us-east-2:lambda:path/2015-03-31/functions/arn:aws:lambda:us-east-2:302263088688:function:create:$LATEST/invocations",
            "replace_security_groups_on_destroy": null,
            "replacement_security_group_ids": null,
            "reserved_concurrent_executions": -1,
            "role": "arn:aws:iam::302263088688:role/CreateUserRole",
            "runtime": "nodejs22.x",
            "s3_bucket": "lambda-bucket-api-01",
            "s3_key": "lambdas/create.zip",
            "s3_object_version": null,
            "signing_job_arn": "",
            "signing_profile_version_arn": "",
            "skip_destroy": false,
            "snap_start": [],
            "source_code_hash": "xdPCv3bI/BkRscB9USENAzSXSqS9rup3mJtSpoDq7Ik=",
            "source_code_size": 14533125,
            "tags": null,
            "tags_all": {},
            "timeout": 3,
            "timeouts": null,
            "tracing_config": [
              {
                "mode": "PassThrough"
              }
            ],
            "version": "$LATEST",
            "vpc_config": []
          },
          "sensitive_attributes": [],
          "private": "eyJlMmJmYjczMC1lY2FhLTExZTYtOGY4OC0zNDM2M2JjN2M0YzAiOnsiY3JlYXRlIjo2MDAwMDAwMDAwMDAsImRlbGV0ZSI6NjAwMDAwMDAwMDAwLCJ1cGRhdGUiOjYwMDAwMDAwMDAwMH19",
          "dependencies": [
            "module.main.aws_iam_role.CreateUserRole",
            "module.main.aws_s3_bucket.lambdabucket01",
            "module.main.aws_s3_object.create_lambda_zip"
          ]
        }
      ]
    },
    {
      "module": "module.main",
      "mode": "managed",
      "type": "aws_lambda_function",
      "name": "delete_user",
      "provider": "provider[\"registry.terraform.io/hashicorp/aws\"]",
      "instances": [
        {
          "schema_version": 0,
          "attributes": {
            "architectures": [
              "x86_64"
            ],
            "arn": "arn:aws:lambda:us-east-2:302263088688:function:delete",
            "code_sha256": "LkKfEm0XsURQPvejdfcWVkmPJF8Fq4pP38reCVZlWiM=",
            "code_signing_config_arn": "",
            "dead_letter_config": [],
            "description": "",
            "environment": [],
            "ephemeral_storage": [
              {
                "size": 512
              }
            ],
            "file_system_config": [],
            "filename": null,
            "function_name": "delete",
            "handler": "delete/delete.deleteUser",
            "id": "delete",
            "image_config": [],
            "image_uri": "",
            "invoke_arn": "arn:aws:apigateway:us-east-2:lambda:path/2015-03-31/functions/arn:aws:lambda:us-east-2:302263088688:function:delete/invocations",
            "kms_key_arn": "",
            "last_modified": "2025-02-18T20:28:25.750+0000",
            "layers": null,
            "logging_config": [
              {
                "application_log_level": "",
                "log_format": "Text",
                "log_group": "/aws/lambda/delete",
                "system_log_level": ""
              }
            ],
            "memory_size": 128,
            "package_type": "Zip",
            "publish": false,
            "qualified_arn": "arn:aws:lambda:us-east-2:302263088688:function:delete:$LATEST",
            "qualified_invoke_arn": "arn:aws:apigateway:us-east-2:lambda:path/2015-03-31/functions/arn:aws:lambda:us-east-2:302263088688:function:delete:$LATEST/invocations",
            "replace_security_groups_on_destroy": null,
            "replacement_security_group_ids": null,
            "reserved_concurrent_executions": -1,
            "role": "arn:aws:iam::302263088688:role/DatabaseRole",
            "runtime": "nodejs22.x",
            "s3_bucket": "lambda-bucket-api-01",
            "s3_key": "lambdas/delete.zip",
            "s3_object_version": null,
            "signing_job_arn": "",
            "signing_profile_version_arn": "",
            "skip_destroy": false,
            "snap_start": [],
            "source_code_hash": "LkKfEm0XsURQPvejdfcWVkmPJF8Fq4pP38reCVZlWiM=",
            "source_code_size": 14533000,
            "tags": null,
            "tags_all": {},
            "timeout": 3,
            "timeouts": null,
            "tracing_config": [
              {
                "mode": "PassThrough"
              }
            ],
            "version": "$LATEST",
            "vpc_config": []
          },
          "sensitive_attributes": [],
          "private": "eyJlMmJmYjczMC1lY2FhLTExZTYtOGY4OC0zNDM2M2JjN2M0YzAiOnsiY3JlYXRlIjo2MDAwMDAwMDAwMDAsImRlbGV0ZSI6NjAwMDAwMDAwMDAwLCJ1cGRhdGUiOjYwMDAwMDAwMDAwMH19",
          "dependencies": [
            "module.main.aws_iam_role.DatabaseRole",
            "module.main.aws_s3_bucket.lambdabucket01",
            "module.main.aws_s3_object.delete_lambda_zip"
          ]
        }
      ]
    },
    {
      "module": "module.main",
      "mode": "managed",
      "type": "aws_lambda_function",
      "name": "get_user",
      "provider": "provider[\"registry.terraform.io/hashicorp/aws\"]",
      "instances": [
        {
          "schema_version": 0,
          "attributes": {
            "architectures": [
              "x86_64"
            ],
            "arn": "arn:aws:lambda:us-east-2:302263088688:function:user",
            "code_sha256": "TKaFZX77++fLLqOBcH4lVJ1EsCuSwtr2Y7uGT7MF98Q=",
            "code_signing_config_arn": "",
            "dead_letter_config": [],
            "description": "",
            "environment": [],
            "ephemeral_storage": [
              {
                "size": 512
              }
            ],
            "file_system_config": [],
            "filename": null,
            "function_name": "user",
            "handler": "id/id.getUser",
            "id": "user",
            "image_config": [],
            "image_uri": "",
            "invoke_arn": "arn:aws:apigateway:us-east-2:lambda:path/2015-03-31/functions/arn:aws:lambda:us-east-2:302263088688:function:user/invocations",
            "kms_key_arn": "",
            "last_modified": "2025-02-18T20:28:19.176+0000",
            "layers": null,
            "logging_config": [
              {
                "application_log_level": "",
                "log_format": "Text",
                "log_group": "/aws/lambda/user",
                "system_log_level": ""
              }
            ],
            "memory_size": 128,
            "package_type": "Zip",
            "publish": false,
            "qualified_arn": "arn:aws:lambda:us-east-2:302263088688:function:user:$LATEST",
            "qualified_invoke_arn": "arn:aws:apigateway:us-east-2:lambda:path/2015-03-31/functions/arn:aws:lambda:us-east-2:302263088688:function:user:$LATEST/invocations",
            "replace_security_groups_on_destroy": null,
            "replacement_security_group_ids": null,
            "reserved_concurrent_executions": -1,
            "role": "arn:aws:iam::302263088688:role/DatabaseRole",
            "runtime": "nodejs22.x",
            "s3_bucket": "lambda-bucket-api-01",
            "s3_key": "lambdas/id.zip",
            "s3_object_version": null,
            "signing_job_arn": "",
            "signing_profile_version_arn": "",
            "skip_destroy": false,
            "snap_start": [],
            "source_code_hash": "TKaFZX77++fLLqOBcH4lVJ1EsCuSwtr2Y7uGT7MF98Q=",
            "source_code_size": 14506864,
            "tags": null,
            "tags_all": {},
            "timeout": 3,
            "timeouts": null,
            "tracing_config": [
              {
                "mode": "PassThrough"
              }
            ],
            "version": "$LATEST",
            "vpc_config": []
          },
          "sensitive_attributes": [],
          "private": "eyJlMmJmYjczMC1lY2FhLTExZTYtOGY4OC0zNDM2M2JjN2M0YzAiOnsiY3JlYXRlIjo2MDAwMDAwMDAwMDAsImRlbGV0ZSI6NjAwMDAwMDAwMDAwLCJ1cGRhdGUiOjYwMDAwMDAwMDAwMH19",
          "dependencies": [
            "module.main.aws_iam_role.DatabaseRole",
            "module.main.aws_s3_bucket.lambdabucket01",
            "module.main.aws_s3_object.get_lambda_zip"
          ]
        }
      ]
    },
    {
      "module": "module.main",
      "mode": "managed",
      "type": "aws_lambda_function",
      "name": "list_user",
      "provider": "provider[\"registry.terraform.io/hashicorp/aws\"]",
      "instances": [
        {
          "schema_version": 0,
          "attributes": {
            "architectures": [
              "x86_64"
            ],
            "arn": "arn:aws:lambda:us-east-2:302263088688:function:users",
            "code_sha256": "4bFBepLOmzszH22Uq9xmKVw5Cvhg49Y0VnpNXySCy7U=",
            "code_signing_config_arn": "",
            "dead_letter_config": [],
            "description": "",
            "environment": [],
            "ephemeral_storage": [
              {
                "size": 512
              }
            ],
            "file_system_config": [],
            "filename": null,
            "function_name": "users",
            "handler": "list/list.getUsers",
            "id": "users",
            "image_config": [],
            "image_uri": "",
            "invoke_arn": "arn:aws:apigateway:us-east-2:lambda:path/2015-03-31/functions/arn:aws:lambda:us-east-2:302263088688:function:users/invocations",
            "kms_key_arn": "",
            "last_modified": "2025-02-18T20:28:25.458+0000",
            "layers": null,
            "logging_config": [
              {
                "application_log_level": "",
                "log_format": "Text",
                "log_group": "/aws/lambda/users",
                "system_log_level": ""
              }
            ],
            "memory_size": 128,
            "package_type": "Zip",
            "publish": false,
            "qualified_arn": "arn:aws:lambda:us-east-2:302263088688:function:users:$LATEST",
            "qualified_invoke_arn": "arn:aws:apigateway:us-east-2:lambda:path/2015-03-31/functions/arn:aws:lambda:us-east-2:302263088688:function:users:$LATEST/invocations",
            "replace_security_groups_on_destroy": null,
            "replacement_security_group_ids": null,
            "reserved_concurrent_executions": -1,
            "role": "arn:aws:iam::302263088688:role/DatabaseRole",
            "runtime": "nodejs22.x",
            "s3_bucket": "lambda-bucket-api-01",
            "s3_key": "lambdas/list.zip",
            "s3_object_version": null,
            "signing_job_arn": "",
            "signing_profile_version_arn": "",
            "skip_destroy": false,
            "snap_start": [],
            "source_code_hash": "4bFBepLOmzszH22Uq9xmKVw5Cvhg49Y0VnpNXySCy7U=",
            "source_code_size": 14519893,
            "tags": null,
            "tags_all": {},
            "timeout": 3,
            "timeouts": null,
            "tracing_config": [
              {
                "mode": "PassThrough"
              }
            ],
            "version": "$LATEST",
            "vpc_config": []
          },
          "sensitive_attributes": [],
          "private": "eyJlMmJmYjczMC1lY2FhLTExZTYtOGY4OC0zNDM2M2JjN2M0YzAiOnsiY3JlYXRlIjo2MDAwMDAwMDAwMDAsImRlbGV0ZSI6NjAwMDAwMDAwMDAwLCJ1cGRhdGUiOjYwMDAwMDAwMDAwMH19",
          "dependencies": [
            "module.main.aws_iam_role.DatabaseRole",
            "module.main.aws_s3_bucket.lambdabucket01",
            "module.main.aws_s3_object.list_lambda_zip"
          ]
        }
      ]
    },
    {
      "module": "module.main",
      "mode": "managed",
      "type": "aws_lambda_function",
      "name": "send_email",
      "provider": "provider[\"registry.terraform.io/hashicorp/aws\"]",
      "instances": [
        {
          "schema_version": 0,
          "attributes": {
            "architectures": [
              "x86_64"
            ],
            "arn": "arn:aws:lambda:us-east-2:302263088688:function:email",
            "code_sha256": "M4CaYxkVgLRMT5YzIpZ9BGDWrOtmOjvEEY8jJTTGaHk=",
            "code_signing_config_arn": "",
            "dead_letter_config": [],
            "description": "",
            "environment": [],
            "ephemeral_storage": [
              {
                "size": 512
              }
            ],
            "file_system_config": [],
            "filename": null,
            "function_name": "email",
            "handler": "mail/mail.sendMail",
            "id": "email",
            "image_config": [],
            "image_uri": "",
            "invoke_arn": "arn:aws:apigateway:us-east-2:lambda:path/2015-03-31/functions/arn:aws:lambda:us-east-2:302263088688:function:email/invocations",
            "kms_key_arn": "",
            "last_modified": "2025-02-18T20:28:25.821+0000",
            "layers": null,
            "logging_config": [
              {
                "application_log_level": "",
                "log_format": "Text",
                "log_group": "/aws/lambda/email",
                "system_log_level": ""
              }
            ],
            "memory_size": 128,
            "package_type": "Zip",
            "publish": false,
            "qualified_arn": "arn:aws:lambda:us-east-2:302263088688:function:email:$LATEST",
            "qualified_invoke_arn": "arn:aws:apigateway:us-east-2:lambda:path/2015-03-31/functions/arn:aws:lambda:us-east-2:302263088688:function:email:$LATEST/invocations",
            "replace_security_groups_on_destroy": null,
            "replacement_security_group_ids": null,
            "reserved_concurrent_executions": -1,
            "role": "arn:aws:iam::302263088688:role/SNSRole",
            "runtime": "nodejs22.x",
            "s3_bucket": "lambda-bucket-api-01",
            "s3_key": "lambdas/mail.zip",
            "s3_object_version": null,
            "signing_job_arn": "",
            "signing_profile_version_arn": "",
            "skip_destroy": false,
            "snap_start": [],
            "source_code_hash": "M4CaYxkVgLRMT5YzIpZ9BGDWrOtmOjvEEY8jJTTGaHk=",
            "source_code_size": 14519842,
            "tags": null,
            "tags_all": {},
            "timeout": 3,
            "timeouts": null,
            "tracing_config": [
              {
                "mode": "PassThrough"
              }
            ],
            "version": "$LATEST",
            "vpc_config": []
          },
          "sensitive_attributes": [],
          "private": "eyJlMmJmYjczMC1lY2FhLTExZTYtOGY4OC0zNDM2M2JjN2M0YzAiOnsiY3JlYXRlIjo2MDAwMDAwMDAwMDAsImRlbGV0ZSI6NjAwMDAwMDAwMDAwLCJ1cGRhdGUiOjYwMDAwMDAwMDAwMH19",
          "dependencies": [
            "module.main.aws_iam_role.SNSRole",
            "module.main.aws_s3_bucket.lambdabucket01",
            "module.main.aws_s3_object.mail_lambda_zip"
          ]
        }
      ]
    },
    {
      "module": "module.main",
      "mode": "managed",
      "type": "aws_lambda_function",
      "name": "update_user",
      "provider": "provider[\"registry.terraform.io/hashicorp/aws\"]",
      "instances": [
        {
          "schema_version": 0,
          "attributes": {
            "architectures": [
              "x86_64"
            ],
            "arn": "arn:aws:lambda:us-east-2:302263088688:function:update",
            "code_sha256": "tQc08RjeOTIXxMT9YNBTk/48041fA/GGxXjncMmAkc0=",
            "code_signing_config_arn": "",
            "dead_letter_config": [],
            "description": "",
            "environment": [],
            "ephemeral_storage": [
              {
                "size": 512
              }
            ],
            "file_system_config": [],
            "filename": null,
            "function_name": "update",
            "handler": "update/update.updateUser",
            "id": "update",
            "image_config": [],
            "image_uri": "",
            "invoke_arn": "arn:aws:apigateway:us-east-2:lambda:path/2015-03-31/functions/arn:aws:lambda:us-east-2:302263088688:function:update/invocations",
            "kms_key_arn": "",
            "last_modified": "2025-02-18T20:28:19.187+0000",
            "layers": null,
            "logging_config": [
              {
                "application_log_level": "",
                "log_format": "Text",
                "log_group": "/aws/lambda/update",
                "system_log_level": ""
              }
            ],
            "memory_size": 128,
            "package_type": "Zip",
            "publish": false,
            "qualified_arn": "arn:aws:lambda:us-east-2:302263088688:function:update:$LATEST",
            "qualified_invoke_arn": "arn:aws:apigateway:us-east-2:lambda:path/2015-03-31/functions/arn:aws:lambda:us-east-2:302263088688:function:update:$LATEST/invocations",
            "replace_security_groups_on_destroy": null,
            "replacement_security_group_ids": null,
            "reserved_concurrent_executions": -1,
            "role": "arn:aws:iam::302263088688:role/DatabaseRole",
            "runtime": "nodejs22.x",
            "s3_bucket": "lambda-bucket-api-01",
            "s3_key": "lambdas/update.zip",
            "s3_object_version": null,
            "signing_job_arn": "",
            "signing_profile_version_arn": "",
            "skip_destroy": false,
            "snap_start": [],
            "source_code_hash": "tQc08RjeOTIXxMT9YNBTk/48041fA/GGxXjncMmAkc0=",
            "source_code_size": 14533128,
            "tags": null,
            "tags_all": {},
            "timeout": 3,
            "timeouts": null,
            "tracing_config": [
              {
                "mode": "PassThrough"
              }
            ],
            "version": "$LATEST",
            "vpc_config": []
          },
          "sensitive_attributes": [],
          "private": "eyJlMmJmYjczMC1lY2FhLTExZTYtOGY4OC0zNDM2M2JjN2M0YzAiOnsiY3JlYXRlIjo2MDAwMDAwMDAwMDAsImRlbGV0ZSI6NjAwMDAwMDAwMDAwLCJ1cGRhdGUiOjYwMDAwMDAwMDAwMH19",
          "dependencies": [
            "module.main.aws_iam_role.DatabaseRole",
            "module.main.aws_s3_bucket.lambdabucket01",
            "module.main.aws_s3_object.update_lambda_zip"
          ]
        }
      ]
    },
    {
      "module": "module.main",
      "mode": "managed",
      "type": "aws_lambda_permission",
      "name": "api_gw_lambda",
      "provider": "provider[\"registry.terraform.io/hashicorp/aws\"]",
      "instances": [
        {
          "index_key": "create",
          "schema_version": 0,
          "attributes": {
            "action": "lambda:InvokeFunction",
            "event_source_token": null,
            "function_name": "create",
            "function_url_auth_type": null,
            "id": "terraform-2025021820283280890000000b",
            "principal": "apigateway.amazonaws.com",
            "principal_org_id": null,
            "qualifier": "",
            "source_account": null,
            "source_arn": null,
            "statement_id": "terraform-2025021820283280890000000b",
            "statement_id_prefix": "terraform-"
          },
          "sensitive_attributes": [],
          "private": "bnVsbA==",
          "dependencies": [
            "module.main.aws_iam_role.CreateUserRole",
            "module.main.aws_iam_role.DatabaseRole",
            "module.main.aws_lambda_function.create_user",
            "module.main.aws_lambda_function.delete_user",
            "module.main.aws_lambda_function.get_user",
            "module.main.aws_lambda_function.list_user",
            "module.main.aws_lambda_function.update_user",
            "module.main.aws_s3_bucket.lambdabucket01",
            "module.main.aws_s3_object.create_lambda_zip",
            "module.main.aws_s3_object.delete_lambda_zip",
            "module.main.aws_s3_object.get_lambda_zip",
            "module.main.aws_s3_object.list_lambda_zip",
            "module.main.aws_s3_object.update_lambda_zip"
          ]
        },
        {
          "index_key": "delete",
          "schema_version": 0,
          "attributes": {
            "action": "lambda:InvokeFunction",
            "event_source_token": null,
            "function_name": "delete",
            "function_url_auth_type": null,
            "id": "terraform-2025021820283280900000000c",
            "principal": "apigateway.amazonaws.com",
            "principal_org_id": null,
            "qualifier": "",
            "source_account": null,
            "source_arn": null,
            "statement_id": "terraform-2025021820283280900000000c",
            "statement_id_prefix": "terraform-"
          },
          "sensitive_attributes": [],
          "private": "bnVsbA==",
          "dependencies": [
            "module.main.aws_iam_role.CreateUserRole",
            "module.main.aws_iam_role.DatabaseRole",
            "module.main.aws_lambda_function.create_user",
            "module.main.aws_lambda_function.delete_user",
            "module.main.aws_lambda_function.get_user",
            "module.main.aws_lambda_function.list_user",
            "module.main.aws_lambda_function.update_user",
            "module.main.aws_s3_bucket.lambdabucket01",
            "module.main.aws_s3_object.create_lambda_zip",
            "module.main.aws_s3_object.delete_lambda_zip",
            "module.main.aws_s3_object.get_lambda_zip",
            "module.main.aws_s3_object.list_lambda_zip",
            "module.main.aws_s3_object.update_lambda_zip"
          ]
        },
        {
          "index_key": "get",
          "schema_version": 0,
          "attributes": {
            "action": "lambda:InvokeFunction",
            "event_source_token": null,
            "function_name": "user",
            "function_url_auth_type": null,
            "id": "terraform-2025021820283280870000000a",
            "principal": "apigateway.amazonaws.com",
            "principal_org_id": null,
            "qualifier": "",
            "source_account": null,
            "source_arn": null,
            "statement_id": "terraform-2025021820283280870000000a",
            "statement_id_prefix": "terraform-"
          },
          "sensitive_attributes": [],
          "private": "bnVsbA==",
          "dependencies": [
            "module.main.aws_iam_role.CreateUserRole",
            "module.main.aws_iam_role.DatabaseRole",
            "module.main.aws_lambda_function.create_user",
            "module.main.aws_lambda_function.delete_user",
            "module.main.aws_lambda_function.get_user",
            "module.main.aws_lambda_function.list_user",
            "module.main.aws_lambda_function.update_user",
            "module.main.aws_s3_bucket.lambdabucket01",
            "module.main.aws_s3_object.create_lambda_zip",
            "module.main.aws_s3_object.delete_lambda_zip",
            "module.main.aws_s3_object.get_lambda_zip",
            "module.main.aws_s3_object.list_lambda_zip",
            "module.main.aws_s3_object.update_lambda_zip"
          ]
        },
        {
          "index_key": "list",
          "schema_version": 0,
          "attributes": {
            "action": "lambda:InvokeFunction",
            "event_source_token": null,
            "function_name": "users",
            "function_url_auth_type": null,
            "id": "terraform-20250218202832808200000009",
            "principal": "apigateway.amazonaws.com",
            "principal_org_id": null,
            "qualifier": "",
            "source_account": null,
            "source_arn": null,
            "statement_id": "terraform-20250218202832808200000009",
            "statement_id_prefix": "terraform-"
          },
          "sensitive_attributes": [],
          "private": "bnVsbA==",
          "dependencies": [
            "module.main.aws_iam_role.CreateUserRole",
            "module.main.aws_iam_role.DatabaseRole",
            "module.main.aws_lambda_function.create_user",
            "module.main.aws_lambda_function.delete_user",
            "module.main.aws_lambda_function.get_user",
            "module.main.aws_lambda_function.list_user",
            "module.main.aws_lambda_function.update_user",
            "module.main.aws_s3_bucket.lambdabucket01",
            "module.main.aws_s3_object.create_lambda_zip",
            "module.main.aws_s3_object.delete_lambda_zip",
            "module.main.aws_s3_object.get_lambda_zip",
            "module.main.aws_s3_object.list_lambda_zip",
            "module.main.aws_s3_object.update_lambda_zip"
          ]
        },
        {
          "index_key": "update",
          "schema_version": 0,
          "attributes": {
            "action": "lambda:InvokeFunction",
            "event_source_token": null,
            "function_name": "update",
            "function_url_auth_type": null,
            "id": "terraform-2025021820283280980000000d",
            "principal": "apigateway.amazonaws.com",
            "principal_org_id": null,
            "qualifier": "",
            "source_account": null,
            "source_arn": null,
            "statement_id": "terraform-2025021820283280980000000d",
            "statement_id_prefix": "terraform-"
          },
          "sensitive_attributes": [],
          "private": "bnVsbA==",
          "dependencies": [
            "module.main.aws_iam_role.CreateUserRole",
            "module.main.aws_iam_role.DatabaseRole",
            "module.main.aws_lambda_function.create_user",
            "module.main.aws_lambda_function.delete_user",
            "module.main.aws_lambda_function.get_user",
            "module.main.aws_lambda_function.list_user",
            "module.main.aws_lambda_function.update_user",
            "module.main.aws_s3_bucket.lambdabucket01",
            "module.main.aws_s3_object.create_lambda_zip",
            "module.main.aws_s3_object.delete_lambda_zip",
            "module.main.aws_s3_object.get_lambda_zip",
            "module.main.aws_s3_object.list_lambda_zip",
            "module.main.aws_s3_object.update_lambda_zip"
          ]
        }
      ]
    },
    {
      "module": "module.main",
      "mode": "managed",
      "type": "aws_s3_bucket",
      "name": "lambdabucket01",
      "provider": "provider[\"registry.terraform.io/hashicorp/aws\"]",
      "instances": [
        {
          "schema_version": 0,
          "attributes": {
            "acceleration_status": "",
            "acl": null,
            "arn": "arn:aws:s3:::lambda-bucket-api-01",
            "bucket": "lambda-bucket-api-01",
            "bucket_domain_name": "lambda-bucket-api-01.s3.amazonaws.com",
            "bucket_prefix": "",
            "bucket_regional_domain_name": "lambda-bucket-api-01.s3.us-east-2.amazonaws.com",
            "cors_rule": [],
            "force_destroy": false,
            "grant": [
              {
                "id": "313fc35ef739386df32cf44ee9786aeda42215525a3bafbe6d53bb5bc3f7e513",
                "permissions": [
                  "FULL_CONTROL"
                ],
                "type": "CanonicalUser",
                "uri": ""
              }
            ],
            "hosted_zone_id": "Z2O1EMRO9K5GLX",
            "id": "lambda-bucket-api-01",
            "lifecycle_rule": [],
            "logging": [],
            "object_lock_configuration": [],
            "object_lock_enabled": false,
            "policy": "",
            "region": "us-east-2",
            "replication_configuration": [],
            "request_payer": "BucketOwner",
            "server_side_encryption_configuration": [
              {
                "rule": [
                  {
                    "apply_server_side_encryption_by_default": [
                      {
                        "kms_master_key_id": "",
                        "sse_algorithm": "AES256"
                      }
                    ],
                    "bucket_key_enabled": false
                  }
                ]
              }
            ],
            "tags": null,
            "tags_all": {},
            "timeouts": null,
            "versioning": [
              {
                "enabled": false,
                "mfa_delete": false
              }
            ],
            "website": [],
            "website_domain": null,
            "website_endpoint": null
          },
          "sensitive_attributes": [],
          "private": "eyJlMmJmYjczMC1lY2FhLTExZTYtOGY4OC0zNDM2M2JjN2M0YzAiOnsiY3JlYXRlIjoxMjAwMDAwMDAwMDAwLCJkZWxldGUiOjM2MDAwMDAwMDAwMDAsInJlYWQiOjEyMDAwMDAwMDAwMDAsInVwZGF0ZSI6MTIwMDAwMDAwMDAwMH19"
        }
      ]
    },
    {
      "module": "module.main",
      "mode": "managed",
      "type": "aws_s3_bucket_public_access_block",
      "name": "lambda_bucket_conf",
      "provider": "provider[\"registry.terraform.io/hashicorp/aws\"]",
      "instances": [
        {
          "schema_version": 0,
          "attributes": {
            "block_public_acls": true,
            "block_public_policy": true,
            "bucket": "lambda-bucket-api-01",
            "id": "lambda-bucket-api-01",
            "ignore_public_acls": true,
            "restrict_public_buckets": true
          },
          "sensitive_attributes": [],
          "private": "bnVsbA==",
          "dependencies": [
            "module.main.aws_s3_bucket.lambdabucket01"
          ]
        }
      ]
    },
    {
      "module": "module.main",
      "mode": "managed",
      "type": "aws_s3_object",
      "name": "create_lambda_zip",
      "provider": "provider[\"registry.terraform.io/hashicorp/aws\"]",
      "instances": [
        {
          "schema_version": 0,
          "attributes": {
            "acl": null,
            "arn": "arn:aws:s3:::lambda-bucket-api-01/lambdas/create.zip",
            "bucket": "lambda-bucket-api-01",
            "bucket_key_enabled": false,
            "cache_control": "",
            "checksum_algorithm": null,
            "checksum_crc32": "",
            "checksum_crc32c": "",
            "checksum_sha1": "",
            "checksum_sha256": "",
            "content": null,
            "content_base64": null,
            "content_disposition": "",
            "content_encoding": "",
            "content_language": "",
            "content_type": "binary/octet-stream",
            "etag": "599f846b4070cca82a6f5b2dd0503b4c-3",
            "force_destroy": false,
            "id": "lambdas/create.zip",
            "key": "lambdas/create.zip",
            "kms_key_id": null,
            "metadata": null,
            "object_lock_legal_hold_status": "",
            "object_lock_mode": "",
            "object_lock_retain_until_date": "",
            "override_provider": [],
            "server_side_encryption": "AES256",
            "source": "module/code/zip/create.zip",
            "source_hash": null,
            "storage_class": "STANDARD",
            "tags": null,
            "tags_all": {},
            "version_id": "",
            "website_redirect": ""
          },
          "sensitive_attributes": [],
          "private": "bnVsbA==",
          "dependencies": [
            "module.main.aws_s3_bucket.lambdabucket01"
          ]
        }
      ]
    },
    {
      "module": "module.main",
      "mode": "managed",
      "type": "aws_s3_object",
      "name": "delete_lambda_zip",
      "provider": "provider[\"registry.terraform.io/hashicorp/aws\"]",
      "instances": [
        {
          "schema_version": 0,
          "attributes": {
            "acl": null,
            "arn": "arn:aws:s3:::lambda-bucket-api-01/lambdas/delete.zip",
            "bucket": "lambda-bucket-api-01",
            "bucket_key_enabled": false,
            "cache_control": "",
            "checksum_algorithm": null,
            "checksum_crc32": "",
            "checksum_crc32c": "",
            "checksum_sha1": "",
            "checksum_sha256": "",
            "content": null,
            "content_base64": null,
            "content_disposition": "",
            "content_encoding": "",
            "content_language": "",
            "content_type": "binary/octet-stream",
            "etag": "cca2504cac074450b686212bc11baecb-3",
            "force_destroy": false,
            "id": "lambdas/delete.zip",
            "key": "lambdas/delete.zip",
            "kms_key_id": null,
            "metadata": null,
            "object_lock_legal_hold_status": "",
            "object_lock_mode": "",
            "object_lock_retain_until_date": "",
            "override_provider": [],
            "server_side_encryption": "AES256",
            "source": "module/code/zip/delete.zip",
            "source_hash": null,
            "storage_class": "STANDARD",
            "tags": null,
            "tags_all": {},
            "version_id": "",
            "website_redirect": ""
          },
          "sensitive_attributes": [],
          "private": "bnVsbA==",
          "dependencies": [
            "module.main.aws_s3_bucket.lambdabucket01"
          ]
        }
      ]
    },
    {
      "module": "module.main",
      "mode": "managed",
      "type": "aws_s3_object",
      "name": "get_lambda_zip",
      "provider": "provider[\"registry.terraform.io/hashicorp/aws\"]",
      "instances": [
        {
          "schema_version": 0,
          "attributes": {
            "acl": null,
            "arn": "arn:aws:s3:::lambda-bucket-api-01/lambdas/id.zip",
            "bucket": "lambda-bucket-api-01",
            "bucket_key_enabled": false,
            "cache_control": "",
            "checksum_algorithm": null,
            "checksum_crc32": "",
            "checksum_crc32c": "",
            "checksum_sha1": "",
            "checksum_sha256": "",
            "content": null,
            "content_base64": null,
            "content_disposition": "",
            "content_encoding": "",
            "content_language": "",
            "content_type": "binary/octet-stream",
            "etag": "f75c1127f334af99dbf61bc323819566-3",
            "force_destroy": false,
            "id": "lambdas/id.zip",
            "key": "lambdas/id.zip",
            "kms_key_id": null,
            "metadata": null,
            "object_lock_legal_hold_status": "",
            "object_lock_mode": "",
            "object_lock_retain_until_date": "",
            "override_provider": [],
            "server_side_encryption": "AES256",
            "source": "module/code/zip/id.zip",
            "source_hash": null,
            "storage_class": "STANDARD",
            "tags": null,
            "tags_all": {},
            "version_id": "",
            "website_redirect": ""
          },
          "sensitive_attributes": [],
          "private": "bnVsbA==",
          "dependencies": [
            "module.main.aws_s3_bucket.lambdabucket01"
          ]
        }
      ]
    },
    {
      "module": "module.main",
      "mode": "managed",
      "type": "aws_s3_object",
      "name": "list_lambda_zip",
      "provider": "provider[\"registry.terraform.io/hashicorp/aws\"]",
      "instances": [
        {
          "schema_version": 0,
          "attributes": {
            "acl": null,
            "arn": "arn:aws:s3:::lambda-bucket-api-01/lambdas/list.zip",
            "bucket": "lambda-bucket-api-01",
            "bucket_key_enabled": false,
            "cache_control": "",
            "checksum_algorithm": null,
            "checksum_crc32": "",
            "checksum_crc32c": "",
            "checksum_sha1": "",
            "checksum_sha256": "",
            "content": null,
            "content_base64": null,
            "content_disposition": "",
            "content_encoding": "",
            "content_language": "",
            "content_type": "binary/octet-stream",
            "etag": "2e7007327a4d1a3a2c66cd63618cc05f-3",
            "force_destroy": false,
            "id": "lambdas/list.zip",
            "key": "lambdas/list.zip",
            "kms_key_id": null,
            "metadata": null,
            "object_lock_legal_hold_status": "",
            "object_lock_mode": "",
            "object_lock_retain_until_date": "",
            "override_provider": [],
            "server_side_encryption": "AES256",
            "source": "module/code/zip/list.zip",
            "source_hash": null,
            "storage_class": "STANDARD",
            "tags": null,
            "tags_all": {},
            "version_id": "",
            "website_redirect": ""
          },
          "sensitive_attributes": [],
          "private": "bnVsbA==",
          "dependencies": [
            "module.main.aws_s3_bucket.lambdabucket01"
          ]
        }
      ]
    },
    {
      "module": "module.main",
      "mode": "managed",
      "type": "aws_s3_object",
      "name": "mail_lambda_zip",
      "provider": "provider[\"registry.terraform.io/hashicorp/aws\"]",
      "instances": [
        {
          "schema_version": 0,
          "attributes": {
            "acl": null,
            "arn": "arn:aws:s3:::lambda-bucket-api-01/lambdas/mail.zip",
            "bucket": "lambda-bucket-api-01",
            "bucket_key_enabled": false,
            "cache_control": "",
            "checksum_algorithm": null,
            "checksum_crc32": "",
            "checksum_crc32c": "",
            "checksum_sha1": "",
            "checksum_sha256": "",
            "content": null,
            "content_base64": null,
            "content_disposition": "",
            "content_encoding": "",
            "content_language": "",
            "content_type": "binary/octet-stream",
            "etag": "3cde27c5a0314a57402be2a38d5ca7ae-3",
            "force_destroy": false,
            "id": "lambdas/mail.zip",
            "key": "lambdas/mail.zip",
            "kms_key_id": null,
            "metadata": null,
            "object_lock_legal_hold_status": "",
            "object_lock_mode": "",
            "object_lock_retain_until_date": "",
            "override_provider": [],
            "server_side_encryption": "AES256",
            "source": "module/code/zip/mail.zip",
            "source_hash": null,
            "storage_class": "STANDARD",
            "tags": null,
            "tags_all": {},
            "version_id": "",
            "website_redirect": ""
          },
          "sensitive_attributes": [],
          "private": "bnVsbA==",
          "dependencies": [
            "module.main.aws_s3_bucket.lambdabucket01"
          ]
        }
      ]
    },
    {
      "module": "module.main",
      "mode": "managed",
      "type": "aws_s3_object",
      "name": "update_lambda_zip",
      "provider": "provider[\"registry.terraform.io/hashicorp/aws\"]",
      "instances": [
        {
          "schema_version": 0,
          "attributes": {
            "acl": null,
            "arn": "arn:aws:s3:::lambda-bucket-api-01/lambdas/update.zip",
            "bucket": "lambda-bucket-api-01",
            "bucket_key_enabled": false,
            "cache_control": "",
            "checksum_algorithm": null,
            "checksum_crc32": "",
            "checksum_crc32c": "",
            "checksum_sha1": "",
            "checksum_sha256": "",
            "content": null,
            "content_base64": null,
            "content_disposition": "",
            "content_encoding": "",
            "content_language": "",
            "content_type": "binary/octet-stream",
            "etag": "c871d0709d5bb63ae070c21386f52c9d-3",
            "force_destroy": false,
            "id": "lambdas/update.zip",
            "key": "lambdas/update.zip",
            "kms_key_id": null,
            "metadata": null,
            "object_lock_legal_hold_status": "",
            "object_lock_mode": "",
            "object_lock_retain_until_date": "",
            "override_provider": [],
            "server_side_encryption": "AES256",
            "source": "module/code/zip/update.zip",
            "source_hash": null,
            "storage_class": "STANDARD",
            "tags": null,
            "tags_all": {},
            "version_id": "",
            "website_redirect": ""
          },
          "sensitive_attributes": [],
          "private": "bnVsbA==",
          "dependencies": [
            "module.main.aws_s3_bucket.lambdabucket01"
          ]
        }
      ]
    },
    {
      "module": "module.main",
      "mode": "managed",
      "type": "aws_sns_topic",
      "name": "UserSavedTopic",
      "provider": "provider[\"registry.terraform.io/hashicorp/aws\"]",
      "instances": [
        {
          "schema_version": 0,
          "attributes": {
            "application_failure_feedback_role_arn": "",
            "application_success_feedback_role_arn": "",
            "application_success_feedback_sample_rate": 0,
            "archive_policy": "",
            "arn": "arn:aws:sns:us-east-2:302263088688:UserSavedTopic",
            "beginning_archive_time": "",
            "content_based_deduplication": false,
            "delivery_policy": "",
            "display_name": "",
            "fifo_topic": false,
            "firehose_failure_feedback_role_arn": "",
            "firehose_success_feedback_role_arn": "",
            "firehose_success_feedback_sample_rate": 0,
            "http_failure_feedback_role_arn": "",
            "http_success_feedback_role_arn": "",
            "http_success_feedback_sample_rate": 0,
            "id": "arn:aws:sns:us-east-2:302263088688:UserSavedTopic",
            "kms_master_key_id": "",
            "lambda_failure_feedback_role_arn": "",
            "lambda_success_feedback_role_arn": "",
            "lambda_success_feedback_sample_rate": 0,
            "name": "UserSavedTopic",
            "name_prefix": "",
            "owner": "302263088688",
            "policy": "{\"Id\":\"__default_policy_ID\",\"Statement\":[{\"Action\":[\"SNS:GetTopicAttributes\",\"SNS:SetTopicAttributes\",\"SNS:AddPermission\",\"SNS:RemovePermission\",\"SNS:DeleteTopic\",\"SNS:Subscribe\",\"SNS:ListSubscriptionsByTopic\",\"SNS:Publish\"],\"Condition\":{\"StringEquals\":{\"AWS:SourceOwner\":\"302263088688\"}},\"Effect\":\"Allow\",\"Principal\":{\"AWS\":\"*\"},\"Resource\":\"arn:aws:sns:us-east-2:302263088688:UserSavedTopic\",\"Sid\":\"__default_statement_ID\"}],\"Version\":\"2008-10-17\"}",
            "signature_version": 0,
            "sqs_failure_feedback_role_arn": "",
            "sqs_success_feedback_role_arn": "",
            "sqs_success_feedback_sample_rate": 0,
            "tags": null,
            "tags_all": {},
            "tracing_config": ""
          },
          "sensitive_attributes": [],
          "private": "bnVsbA=="
        }
      ]
    },
    {
      "module": "module.main",
      "mode": "managed",
      "type": "aws_sqs_queue",
      "name": "UsersQueue",
      "provider": "provider[\"registry.terraform.io/hashicorp/aws\"]",
      "instances": [
        {
          "schema_version": 0,
          "attributes": {
            "arn": "arn:aws:sqs:us-east-2:302263088688:UsersQueue",
            "content_based_deduplication": false,
            "deduplication_scope": "",
            "delay_seconds": 0,
            "fifo_queue": false,
            "fifo_throughput_limit": "",
            "id": "https://sqs.us-east-2.amazonaws.com/302263088688/UsersQueue",
            "kms_data_key_reuse_period_seconds": 300,
            "kms_master_key_id": "",
            "max_message_size": 262144,
            "message_retention_seconds": 345600,
            "name": "UsersQueue",
            "name_prefix": "",
            "policy": "",
            "receive_wait_time_seconds": 0,
            "redrive_allow_policy": "",
            "redrive_policy": "",
            "sqs_managed_sse_enabled": true,
            "tags": null,
            "tags_all": {},
            "timeouts": null,
            "url": "https://sqs.us-east-2.amazonaws.com/302263088688/UsersQueue",
            "visibility_timeout_seconds": 30
          },
          "sensitive_attributes": [],
          "private": "eyJlMmJmYjczMC1lY2FhLTExZTYtOGY4OC0zNDM2M2JjN2M0YzAiOnsiY3JlYXRlIjoxODAwMDAwMDAwMDAsImRlbGV0ZSI6MTgwMDAwMDAwMDAwLCJ1cGRhdGUiOjE4MDAwMDAwMDAwMH19"
        }
      ]
    }
  ],
  "check_results": null
}
